
Microsoft Visual Studio Solution File, Format Version 12.00
# Visual Studio 15
VisualStudioVersion = 15.0.28307.106
MinimumVisualStudioVersion = 10.0.40219.1
Project("{2150E333-8FDC-42A3-9474-1A3956D46DE8}") = ".nuget", ".nuget", "{AF7B8024-8922-4563-96D6-4D30F253B9CD}"
	ProjectSection(SolutionItems) = preProject
		.nuget\packages.config = .nuget\packages.config
	EndProjectSection
EndProject
Project("{FAE04EC0-301F-11D3-BF4B-00C04F79EFBC}") = "Code", "Code\Code.csproj", "{10C0826B-FC81-475D-9A4B-7A0E359B5DA5}"
EndProject
Global
	GlobalSection(SolutionConfigurationPlatforms) = preSolution
		Debug|Any CPU = Debug|Any CPU
		Release|Any CPU = Release|Any CPU
	EndGlobalSection
	GlobalSection(ProjectConfigurationPlatforms) = postSolution
		{10C0826B-FC81-475D-9A4B-7A0E359B5DA5}.Debug|Any CPU.ActiveCfg = Debug|Any CPU
		{10C0826B-FC81-475D-9A4B-7A0E359B5DA5}.Debug|Any CPU.Build.0 = Debug|Any CPU
		{10C0826B-FC81-475D-9A4B-7A0E359B5DA5}.Release|Any CPU.ActiveCfg = Release|Any CPU
		{10C0826B-FC81-475D-9A4B-7A0E359B5DA5}.Release|Any CPU.Build.0 = Release|Any CPU
	EndGlobalSection
	GlobalSection(SolutionProperties) = preSolution
		HideSolutionNode = FALSE
	EndGlobalSection
	GlobalSection(ExtensibilityGlobals) = postSolution
		SolutionGuid = {990F4391-9C19-4666-834F-83A1D05EE72D}
	EndGlobalSection
EndGlobal
